Microsoft Visual Studio Solution File, Format Version 12.00
# Visual Studio Version 16
VisualStudioVersion = 16.0.30907.101
MinimumVisualStudioVersion = 10.0.40219.1
Project("{9A19103F-16F7-4668-BE54-9A1E7A4F7556}") = "HW05.Task01", "HW05.Task01\HW05.Task01.csproj", "{C899FE79-04BA-47CD-92AE-AAEC320658D0}"
EndProject
Project("{9A19103F-16F7-4668-BE54-9A1E7A4F7556}") = "HW05.Task02", "HW05.Task02\HW05.Task02.csproj", "{1C7DBC50-3FEB-401B-BA80-E05532619470}"
EndProject
Project("{9A19103F-16F7-4668-BE54-9A1E7A4F7556}") = "HW05.Task03", "HW05.Task03\HW05.Task03.csproj", "{70E9A777-C98C-4A6F-B07A-4898AA28BD0E}"
EndProject
Project("{FAE04EC0-301F-11D3-BF4B-00C04F79EFBC}") = "HW05.Task04", "HW05.Task04\HW05.Task04.csproj", "{ADCD31BE-2B53-48CF-B3BE-9A31DA36AB3F}"
Project("{9A19103F-16F7-4668-BE54-9A1E7A4F7556}") = "HW04.Task01", "HW04.Task01\HW04.Task01.csproj", "{CD184B03-781F-492C-9D0A-2068F89FBFF7}"
EndProject
Project("{9A19103F-16F7-4668-BE54-9A1E7A4F7556}") = "HW04.Task02", "HW04.Task02\HW04.Task02.csproj", "{9D0E3DF3-BA2E-48FF-91C4-C51167606976}"
EndProject
Project("{9A19103F-16F7-4668-BE54-9A1E7A4F7556}") = "HW04.Task03", "HW04.Task03\HW04.Task03.csproj", "{04BAD631-F500-4853-9A3A-E3E620F2F283}"
EndProject
Project("{9A19103F-16F7-4668-BE54-9A1E7A4F7556}") = "HW04.Task04", "HW04.Task04\HW04.Task04.csproj", "{5C334CA8-BB32-4688-89C2-49322DE6CEED}"
EndProject
Project("{FAE04EC0-301F-11D3-BF4B-00C04F79EFBC}") = "HW04.Task05", "HW04.Task05\HW04.Task05.csproj", "{46C837CE-062D-41F3-BFE7-A891F2E4035F}"
Project("{FAE04EC0-301F-11D3-BF4B-00C04F79EFBC}") = "HW03.Operators", "HW03.Operators\HW03.Operators.csproj", "{F33029FD-1C8F-47CD-AC55-1DB9A49E3517}"
EndProject
Project("{FAE04EC0-301F-11D3-BF4B-00C04F79EFBC}") = "HW03.Birthday", "HW03.Birthday\HW03.Birthday.csproj", "{2C7F7999-BD46-442A-9583-C0F7F2697873}"
EndProject
Project("{FAE04EC0-301F-11D3-BF4B-00C04F79EFBC}") = "HW03.Calculator", "HW03.Calculator\HW03.Calculator.csproj", "{31ADEF14-6F81-459B-A6EF-EC9EA3B40FE8}"
EndProject
Global
	GlobalSection(SolutionConfigurationPlatforms) = preSolution
		Debug|Any CPU = Debug|Any CPU
		Release|Any CPU = Release|Any CPU
	EndGlobalSection
	GlobalSection(ProjectConfigurationPlatforms) = postSolution
		{C899FE79-04BA-47CD-92AE-AAEC320658D0}.Debug|Any CPU.ActiveCfg = Debug|Any CPU
		{C899FE79-04BA-47CD-92AE-AAEC320658D0}.Debug|Any CPU.Build.0 = Debug|Any CPU
		{C899FE79-04BA-47CD-92AE-AAEC320658D0}.Release|Any CPU.ActiveCfg = Release|Any CPU
		{C899FE79-04BA-47CD-92AE-AAEC320658D0}.Release|Any CPU.Build.0 = Release|Any CPU
		{1C7DBC50-3FEB-401B-BA80-E05532619470}.Debug|Any CPU.ActiveCfg = Debug|Any CPU
		{1C7DBC50-3FEB-401B-BA80-E05532619470}.Debug|Any CPU.Build.0 = Debug|Any CPU
		{1C7DBC50-3FEB-401B-BA80-E05532619470}.Release|Any CPU.ActiveCfg = Release|Any CPU
		{1C7DBC50-3FEB-401B-BA80-E05532619470}.Release|Any CPU.Build.0 = Release|Any CPU
		{70E9A777-C98C-4A6F-B07A-4898AA28BD0E}.Debug|Any CPU.ActiveCfg = Debug|Any CPU
		{70E9A777-C98C-4A6F-B07A-4898AA28BD0E}.Debug|Any CPU.Build.0 = Debug|Any CPU
		{70E9A777-C98C-4A6F-B07A-4898AA28BD0E}.Release|Any CPU.ActiveCfg = Release|Any CPU
		{70E9A777-C98C-4A6F-B07A-4898AA28BD0E}.Release|Any CPU.Build.0 = Release|Any CPU
		{ADCD31BE-2B53-48CF-B3BE-9A31DA36AB3F}.Debug|Any CPU.ActiveCfg = Debug|Any CPU
		{ADCD31BE-2B53-48CF-B3BE-9A31DA36AB3F}.Debug|Any CPU.Build.0 = Debug|Any CPU
		{ADCD31BE-2B53-48CF-B3BE-9A31DA36AB3F}.Release|Any CPU.ActiveCfg = Release|Any CPU
		{ADCD31BE-2B53-48CF-B3BE-9A31DA36AB3F}.Release|Any CPU.Build.0 = Release|Any CPU
		{CD184B03-781F-492C-9D0A-2068F89FBFF7}.Debug|Any CPU.ActiveCfg = Debug|Any CPU
		{CD184B03-781F-492C-9D0A-2068F89FBFF7}.Debug|Any CPU.Build.0 = Debug|Any CPU
		{CD184B03-781F-492C-9D0A-2068F89FBFF7}.Release|Any CPU.ActiveCfg = Release|Any CPU
		{CD184B03-781F-492C-9D0A-2068F89FBFF7}.Release|Any CPU.Build.0 = Release|Any CPU
		{9D0E3DF3-BA2E-48FF-91C4-C51167606976}.Debug|Any CPU.ActiveCfg = Debug|Any CPU
		{9D0E3DF3-BA2E-48FF-91C4-C51167606976}.Debug|Any CPU.Build.0 = Debug|Any CPU
		{9D0E3DF3-BA2E-48FF-91C4-C51167606976}.Release|Any CPU.ActiveCfg = Release|Any CPU
		{9D0E3DF3-BA2E-48FF-91C4-C51167606976}.Release|Any CPU.Build.0 = Release|Any CPU
		{04BAD631-F500-4853-9A3A-E3E620F2F283}.Debug|Any CPU.ActiveCfg = Debug|Any CPU
		{04BAD631-F500-4853-9A3A-E3E620F2F283}.Debug|Any CPU.Build.0 = Debug|Any CPU
		{04BAD631-F500-4853-9A3A-E3E620F2F283}.Release|Any CPU.ActiveCfg = Release|Any CPU
		{04BAD631-F500-4853-9A3A-E3E620F2F283}.Release|Any CPU.Build.0 = Release|Any CPU
		{5C334CA8-BB32-4688-89C2-49322DE6CEED}.Debug|Any CPU.ActiveCfg = Debug|Any CPU
		{5C334CA8-BB32-4688-89C2-49322DE6CEED}.Debug|Any CPU.Build.0 = Debug|Any CPU
		{5C334CA8-BB32-4688-89C2-49322DE6CEED}.Release|Any CPU.ActiveCfg = Release|Any CPU
		{5C334CA8-BB32-4688-89C2-49322DE6CEED}.Release|Any CPU.Build.0 = Release|Any CPU
		{46C837CE-062D-41F3-BFE7-A891F2E4035F}.Debug|Any CPU.ActiveCfg = Debug|Any CPU
		{46C837CE-062D-41F3-BFE7-A891F2E4035F}.Debug|Any CPU.Build.0 = Debug|Any CPU
		{46C837CE-062D-41F3-BFE7-A891F2E4035F}.Release|Any CPU.ActiveCfg = Release|Any CPU
		{46C837CE-062D-41F3-BFE7-A891F2E4035F}.Release|Any CPU.Build.0 = Release|Any CPU
		{F33029FD-1C8F-47CD-AC55-1DB9A49E3517}.Debug|Any CPU.ActiveCfg = Debug|Any CPU
		{F33029FD-1C8F-47CD-AC55-1DB9A49E3517}.Debug|Any CPU.Build.0 = Debug|Any CPU
		{F33029FD-1C8F-47CD-AC55-1DB9A49E3517}.Release|Any CPU.ActiveCfg = Release|Any CPU
		{F33029FD-1C8F-47CD-AC55-1DB9A49E3517}.Release|Any CPU.Build.0 = Release|Any CPU
		{2C7F7999-BD46-442A-9583-C0F7F2697873}.Debug|Any CPU.ActiveCfg = Debug|Any CPU
		{2C7F7999-BD46-442A-9583-C0F7F2697873}.Debug|Any CPU.Build.0 = Debug|Any CPU
		{2C7F7999-BD46-442A-9583-C0F7F2697873}.Release|Any CPU.ActiveCfg = Release|Any CPU
		{2C7F7999-BD46-442A-9583-C0F7F2697873}.Release|Any CPU.Build.0 = Release|Any CPU
		{31ADEF14-6F81-459B-A6EF-EC9EA3B40FE8}.Debug|Any CPU.ActiveCfg = Debug|Any CPU
		{31ADEF14-6F81-459B-A6EF-EC9EA3B40FE8}.Debug|Any CPU.Build.0 = Debug|Any CPU
		{31ADEF14-6F81-459B-A6EF-EC9EA3B40FE8}.Release|Any CPU.ActiveCfg = Release|Any CPU
		{31ADEF14-6F81-459B-A6EF-EC9EA3B40FE8}.Release|Any CPU.Build.0 = Release|Any CPU

	EndGlobalSection
	GlobalSection(SolutionProperties) = preSolution
		HideSolutionNode = FALSE
	EndGlobalSection
	GlobalSection(ExtensibilityGlobals) = postSolution
		SolutionGuid = {3F589EE8-E00F-4165-9A8C-E463F80CBC57}
	EndGlobalSection
EndGlobal
