
Microsoft Visual Studio Solution File, Format Version 12.00
# Visual Studio Version 16
VisualStudioVersion = 16.0.30907.101
MinimumVisualStudioVersion = 10.0.40219.1
Project("{9A19103F-16F7-4668-BE54-9A1E7A4F7556}") = "HW.01.Image", "HW.01.Image\HW.01.Image.csproj", "{1DE71271-ACC5-4C9F-B9F5-6E1ABD55B165}"
EndProject
Project("{9A19103F-16F7-4668-BE54-9A1E7A4F7556}") = "HW.02.UnicodeTranslate", "HW.02.UnicodeTranslate\HW.02.UnicodeTranslate.csproj", "{90F55FC3-C98D-4EAB-8DD6-FA0BA8F44360}"
EndProject
Project("{FAE04EC0-301F-11D3-BF4B-00C04F79EFBC}") = "HW.03.Casting", "HW.03.Casting\HW.03.Casting.csproj", "{B4408AA6-F387-4551-9ED0-CBDB37558F50}"
EndProject
Project("{FAE04EC0-301F-11D3-BF4B-00C04F79EFBC}") = "HW.04.Types", "HW.04.Types\HW.04.Types.csproj", "{29E62CBA-8A37-4A30-A9C7-C2E4F4C82774}"
EndProject
Global
	GlobalSection(SolutionConfigurationPlatforms) = preSolution
		Debug|Any CPU = Debug|Any CPU
		Release|Any CPU = Release|Any CPU
	EndGlobalSection
	GlobalSection(ProjectConfigurationPlatforms) = postSolution
		{1DE71271-ACC5-4C9F-B9F5-6E1ABD55B165}.Debug|Any CPU.ActiveCfg = Debug|Any CPU
		{1DE71271-ACC5-4C9F-B9F5-6E1ABD55B165}.Debug|Any CPU.Build.0 = Debug|Any CPU
		{1DE71271-ACC5-4C9F-B9F5-6E1ABD55B165}.Release|Any CPU.ActiveCfg = Release|Any CPU
		{1DE71271-ACC5-4C9F-B9F5-6E1ABD55B165}.Release|Any CPU.Build.0 = Release|Any CPU
		{90F55FC3-C98D-4EAB-8DD6-FA0BA8F44360}.Debug|Any CPU.ActiveCfg = Debug|Any CPU
		{90F55FC3-C98D-4EAB-8DD6-FA0BA8F44360}.Debug|Any CPU.Build.0 = Debug|Any CPU
		{90F55FC3-C98D-4EAB-8DD6-FA0BA8F44360}.Release|Any CPU.ActiveCfg = Release|Any CPU
		{90F55FC3-C98D-4EAB-8DD6-FA0BA8F44360}.Release|Any CPU.Build.0 = Release|Any CPU
		{B4408AA6-F387-4551-9ED0-CBDB37558F50}.Debug|Any CPU.ActiveCfg = Debug|Any CPU
		{B4408AA6-F387-4551-9ED0-CBDB37558F50}.Debug|Any CPU.Build.0 = Debug|Any CPU
		{B4408AA6-F387-4551-9ED0-CBDB37558F50}.Release|Any CPU.ActiveCfg = Release|Any CPU
		{B4408AA6-F387-4551-9ED0-CBDB37558F50}.Release|Any CPU.Build.0 = Release|Any CPU
		{29E62CBA-8A37-4A30-A9C7-C2E4F4C82774}.Debug|Any CPU.ActiveCfg = Debug|Any CPU
		{29E62CBA-8A37-4A30-A9C7-C2E4F4C82774}.Debug|Any CPU.Build.0 = Debug|Any CPU
		{29E62CBA-8A37-4A30-A9C7-C2E4F4C82774}.Release|Any CPU.ActiveCfg = Release|Any CPU
		{29E62CBA-8A37-4A30-A9C7-C2E4F4C82774}.Release|Any CPU.Build.0 = Release|Any CPU
	EndGlobalSection
	GlobalSection(SolutionProperties) = preSolution
		HideSolutionNode = FALSE
	EndGlobalSection
	GlobalSection(ExtensibilityGlobals) = postSolution
		SolutionGuid = {69973B62-29AE-4446-B282-8CEB0A3DE564}
	EndGlobalSection
EndGlobal
